
Microsoft Visual Studio Solution File, Format Version 12.00
# Visual Studio Version 17
VisualStudioVersion = 17.5.002.0
MinimumVisualStudioVersion = 10.0.40219.1
Project("{9A19103F-16F7-4668-BE54-9A1E7A4F7556}") = "ExampleFromMicrosoft", "ExampleFromMicrosoft\ExampleFromMicrosoft.csproj", "{D4F2ADE4-8148-4019-AA19-F6A31DA12621}"
EndProject
Project("{2150E333-8FDC-42A3-9474-1A3956D46DE8}") = "sql-dotnet", "sql-dotnet", "{0E89933D-03D5-4127-8D7D-ED430A776318}"
EndProject
Project("{9A19103F-16F7-4668-BE54-9A1E7A4F7556}") = "CosmosGettingStarted", "sql-dotnet\CosmosGettingStartedTutorial\CosmosGettingStarted.csproj", "{C6F7E0C1-F29F-4FC8-AA82-07C7A1E432BD}"
EndProject
Project("{2150E333-8FDC-42A3-9474-1A3956D46DE8}") = "ExampleFromMicrosoft (1)", "ExampleFromMicrosoft", "{AA929237-2B5A-4698-BB7B-C4E991817A13}"
EndProject
Project("{2150E333-8FDC-42A3-9474-1A3956D46DE8}") = "obj", "obj", "{5FFC832C-B796-42EE-9628-37EBF46308FC}"
EndProject
Project("{2150E333-8FDC-42A3-9474-1A3956D46DE8}") = "Release", "Release", "{69A654C6-41D1-4ADD-BEC8-3C9E4423156A}"
EndProject
Project("{2150E333-8FDC-42A3-9474-1A3956D46DE8}") = "net8.0", "net8.0", "{CABEB826-C896-4C50-AAC7-2E78E3E4FCB1}"
EndProject
Project("{9A19103F-16F7-4668-BE54-9A1E7A4F7556}") = "WorkerExtensions", "ExampleFromMicrosoft\obj\Release\net8.0\WorkerExtensions\WorkerExtensions.csproj", "{F1945F1D-73E6-4C55-A8AF-2D5168126134}"
EndProject
Project("{2150E333-8FDC-42A3-9474-1A3956D46DE8}") = "Debug", "Debug", "{0D4D4C33-D340-4B24-8195-5D7B453105F3}"
EndProject
Project("{2150E333-8FDC-42A3-9474-1A3956D46DE8}") = "net8.0", "net8.0", "{C3550B2A-8C14-4BBF-86E8-53AF7861C6DC}"
EndProject
Project("{9A19103F-16F7-4668-BE54-9A1E7A4F7556}") = "WorkerExtensions", "ExampleFromMicrosoft\obj\Debug\net8.0\WorkerExtensions\WorkerExtensions.csproj", "{E8C248A5-2A63-47DA-AC99-552F5BCB415D}"
EndProject
Global
	GlobalSection(SolutionConfigurationPlatforms) = preSolution
		Debug|Any CPU = Debug|Any CPU
		Release|Any CPU = Release|Any CPU
	EndGlobalSection
	GlobalSection(ProjectConfigurationPlatforms) = postSolution
		{D4F2ADE4-8148-4019-AA19-F6A31DA12621}.Debug|Any CPU.ActiveCfg = Debug|Any CPU
		{D4F2ADE4-8148-4019-AA19-F6A31DA12621}.Debug|Any CPU.Build.0 = Debug|Any CPU
		{D4F2ADE4-8148-4019-AA19-F6A31DA12621}.Release|Any CPU.ActiveCfg = Release|Any CPU
		{D4F2ADE4-8148-4019-AA19-F6A31DA12621}.Release|Any CPU.Build.0 = Release|Any CPU
		{C6F7E0C1-F29F-4FC8-AA82-07C7A1E432BD}.Debug|Any CPU.ActiveCfg = Debug|Any CPU
		{C6F7E0C1-F29F-4FC8-AA82-07C7A1E432BD}.Debug|Any CPU.Build.0 = Debug|Any CPU
		{C6F7E0C1-F29F-4FC8-AA82-07C7A1E432BD}.Release|Any CPU.ActiveCfg = Release|Any CPU
		{C6F7E0C1-F29F-4FC8-AA82-07C7A1E432BD}.Release|Any CPU.Build.0 = Release|Any CPU
		{F1945F1D-73E6-4C55-A8AF-2D5168126134}.Debug|Any CPU.ActiveCfg = Debug|Any CPU
		{F1945F1D-73E6-4C55-A8AF-2D5168126134}.Debug|Any CPU.Build.0 = Debug|Any CPU
		{F1945F1D-73E6-4C55-A8AF-2D5168126134}.Release|Any CPU.ActiveCfg = Release|Any CPU
		{F1945F1D-73E6-4C55-A8AF-2D5168126134}.Release|Any CPU.Build.0 = Release|Any CPU
		{E8C248A5-2A63-47DA-AC99-552F5BCB415D}.Debug|Any CPU.ActiveCfg = Debug|Any CPU
		{E8C248A5-2A63-47DA-AC99-552F5BCB415D}.Debug|Any CPU.Build.0 = Debug|Any CPU
		{E8C248A5-2A63-47DA-AC99-552F5BCB415D}.Release|Any CPU.ActiveCfg = Release|Any CPU
		{E8C248A5-2A63-47DA-AC99-552F5BCB415D}.Release|Any CPU.Build.0 = Release|Any CPU
	EndGlobalSection
	GlobalSection(SolutionProperties) = preSolution
		HideSolutionNode = FALSE
	EndGlobalSection
	GlobalSection(NestedProjects) = preSolution
		{C6F7E0C1-F29F-4FC8-AA82-07C7A1E432BD} = {0E89933D-03D5-4127-8D7D-ED430A776318}
		{5FFC832C-B796-42EE-9628-37EBF46308FC} = {AA929237-2B5A-4698-BB7B-C4E991817A13}
		{69A654C6-41D1-4ADD-BEC8-3C9E4423156A} = {5FFC832C-B796-42EE-9628-37EBF46308FC}
		{CABEB826-C896-4C50-AAC7-2E78E3E4FCB1} = {69A654C6-41D1-4ADD-BEC8-3C9E4423156A}
		{F1945F1D-73E6-4C55-A8AF-2D5168126134} = {CABEB826-C896-4C50-AAC7-2E78E3E4FCB1}
		{0D4D4C33-D340-4B24-8195-5D7B453105F3} = {5FFC832C-B796-42EE-9628-37EBF46308FC}
		{C3550B2A-8C14-4BBF-86E8-53AF7861C6DC} = {0D4D4C33-D340-4B24-8195-5D7B453105F3}
		{E8C248A5-2A63-47DA-AC99-552F5BCB415D} = {C3550B2A-8C14-4BBF-86E8-53AF7861C6DC}
	EndGlobalSection
	GlobalSection(ExtensibilityGlobals) = postSolution
		SolutionGuid = {973CBDC6-690E-41E7-BB9A-B29DAE867D8A}
	EndGlobalSection
EndGlobal
